// !$*UTF8*$!
{
	archiveVersion = 1;
	classes = {
	};
	objectVersion = 46;
	objects = {

/* Begin PBXBuildFile section */
		6D4539E1E69E211B14B5D9E7 /* Pods_catsy.framework in Frameworks */ = {isa = PBXBuildFile; fileRef = AE0ED2A9643F3F35F09C6DB0 /* Pods_catsy.framework */; settings = {ATTRIBUTES = (Weak, ); }; };
		883F24081B4C2DA400B92A03 /* AppDelegate.swift in Sources */ = {isa = PBXBuildFile; fileRef = 883F24071B4C2DA400B92A03 /* AppDelegate.swift */; };
		883F241E1B4C2DA400B92A03 /* catsyTests.swift in Sources */ = {isa = PBXBuildFile; fileRef = 883F241D1B4C2DA400B92A03 /* catsyTests.swift */; };
		883F242C1B4C3B7100B92A03 /* Images.xcassets in Resources */ = {isa = PBXBuildFile; fileRef = 883F242B1B4C3B7100B92A03 /* Images.xcassets */; };
		883F24311B4C3B7900B92A03 /* LaunchScreen.xib in Resources */ = {isa = PBXBuildFile; fileRef = 883F242D1B4C3B7900B92A03 /* LaunchScreen.xib */; };
		883F24321B4C3B7900B92A03 /* Main.storyboard in Resources */ = {isa = PBXBuildFile; fileRef = 883F242F1B4C3B7900B92A03 /* Main.storyboard */; };
		883F24341B4C3B8400B92A03 /* ViewController.swift in Sources */ = {isa = PBXBuildFile; fileRef = 883F24331B4C3B8400B92A03 /* ViewController.swift */; };
		88D5E42F1B4C7CB400B7F6F6 /* GifMe.swift in Sources */ = {isa = PBXBuildFile; fileRef = 88D5E42E1B4C7CB400B7F6F6 /* GifMe.swift */; };
/* End PBXBuildFile section */

/* Begin PBXContainerItemProxy section */
		883F24181B4C2DA400B92A03 /* PBXContainerItemProxy */ = {
			isa = PBXContainerItemProxy;
			containerPortal = 883F23FA1B4C2DA400B92A03 /* Project object */;
			proxyType = 1;
			remoteGlobalIDString = 883F24011B4C2DA400B92A03;
			remoteInfo = catsy;
		};
/* End PBXContainerItemProxy section */

/* Begin PBXFileReference section */
		349129134B16F8256E74198F /* Pods-catsy.debug.xcconfig */ = {isa = PBXFileReference; includeInIndex = 1; lastKnownFileType = text.xcconfig; name = "Pods-catsy.debug.xcconfig"; path = "Pods/Target Support Files/Pods-catsy/Pods-catsy.debug.xcconfig"; sourceTree = "<group>"; };
		488E7911A7EB477717805415 /* Pods-catsy.release.xcconfig */ = {isa = PBXFileReference; includeInIndex = 1; lastKnownFileType = text.xcconfig; name = "Pods-catsy.release.xcconfig"; path = "Pods/Target Support Files/Pods-catsy/Pods-catsy.release.xcconfig"; sourceTree = "<group>"; };
		883F24021B4C2DA400B92A03 /* catsy.app */ = {isa = PBXFileReference; explicitFileType = wrapper.application; includeInIndex = 0; path = catsy.app; sourceTree = BUILT_PRODUCTS_DIR; };
		883F24061B4C2DA400B92A03 /* Info.plist */ = {isa = PBXFileReference; lastKnownFileType = text.plist.xml; path = Info.plist; sourceTree = "<group>"; };
		883F24071B4C2DA400B92A03 /* AppDelegate.swift */ = {isa = PBXFileReference; lastKnownFileType = sourcecode.swift; path = AppDelegate.swift; sourceTree = "<group>"; };
		883F24171B4C2DA400B92A03 /* catsyTests.xctest */ = {isa = PBXFileReference; explicitFileType = wrapper.cfbundle; includeInIndex = 0; path = catsyTests.xctest; sourceTree = BUILT_PRODUCTS_DIR; };
		883F241C1B4C2DA400B92A03 /* Info.plist */ = {isa = PBXFileReference; lastKnownFileType = text.plist.xml; path = Info.plist; sourceTree = "<group>"; };
		883F241D1B4C2DA400B92A03 /* catsyTests.swift */ = {isa = PBXFileReference; lastKnownFileType = sourcecode.swift; path = catsyTests.swift; sourceTree = "<group>"; };
		883F242B1B4C3B7100B92A03 /* Images.xcassets */ = {isa = PBXFileReference; lastKnownFileType = folder.assetcatalog; name = Images.xcassets; path = views/Images.xcassets; sourceTree = "<group>"; };
		883F242E1B4C3B7900B92A03 /* Base */ = {isa = PBXFileReference; lastKnownFileType = file.xib; name = Base; path = views/Base.lproj/LaunchScreen.xib; sourceTree = "<group>"; };
		883F24301B4C3B7900B92A03 /* Base */ = {isa = PBXFileReference; lastKnownFileType = file.storyboard; name = Base; path = views/Base.lproj/Main.storyboard; sourceTree = "<group>"; };
		883F24331B4C3B8400B92A03 /* ViewController.swift */ = {isa = PBXFileReference; fileEncoding = 4; lastKnownFileType = sourcecode.swift; name = ViewController.swift; path = controllers/ViewController.swift; sourceTree = "<group>"; };
		88D5E42E1B4C7CB400B7F6F6 /* GifMe.swift */ = {isa = PBXFileReference; fileEncoding = 4; lastKnownFileType = sourcecode.swift; path = GifMe.swift; sourceTree = "<group>"; };
		AE0ED2A9643F3F35F09C6DB0 /* Pods_catsy.framework */ = {isa = PBXFileReference; explicitFileType = wrapper.framework; includeInIndex = 0; path = Pods_catsy.framework; sourceTree = BUILT_PRODUCTS_DIR; };
/* End PBXFileReference section */

/* Begin PBXFrameworksBuildPhase section */
		883F23FF1B4C2DA400B92A03 /* Frameworks */ = {
			isa = PBXFrameworksBuildPhase;
			buildActionMask = 2147483647;
			files = (
				6D4539E1E69E211B14B5D9E7 /* Pods_catsy.framework in Frameworks */,
			);
			runOnlyForDeploymentPostprocessing = 0;
		};
		883F24141B4C2DA400B92A03 /* Frameworks */ = {
			isa = PBXFrameworksBuildPhase;
			buildActionMask = 2147483647;
			files = (
			);
			runOnlyForDeploymentPostprocessing = 0;
		};
/* End PBXFrameworksBuildPhase section */

/* Begin PBXGroup section */
		524447A4D98F8FD5A554CD97 /* Frameworks */ = {
			isa = PBXGroup;
			children = (
				AE0ED2A9643F3F35F09C6DB0 /* Pods_catsy.framework */,
			);
			name = Frameworks;
			sourceTree = "<group>";
		};
		883F23F91B4C2DA400B92A03 = {
			isa = PBXGroup;
			children = (
				883F24041B4C2DA400B92A03 /* catsy */,
				883F241A1B4C2DA400B92A03 /* catsyTests */,
				883F24031B4C2DA400B92A03 /* Products */,
				E472D1457075EAADF0062CDF /* Pods */,
				524447A4D98F8FD5A554CD97 /* Frameworks */,
			);
			sourceTree = "<group>";
		};
		883F24031B4C2DA400B92A03 /* Products */ = {
			isa = PBXGroup;
			children = (
				883F24021B4C2DA400B92A03 /* catsy.app */,
				883F24171B4C2DA400B92A03 /* catsyTests.xctest */,
			);
			name = Products;
			sourceTree = "<group>";
		};
		883F24041B4C2DA400B92A03 /* catsy */ = {
			isa = PBXGroup;
			children = (
				883F24271B4C3AC400B92A03 /* models */,
				883F24281B4C3ACB00B92A03 /* views */,
				883F24291B4C3AD600B92A03 /* controllers */,
				883F24071B4C2DA400B92A03 /* AppDelegate.swift */,
				883F24051B4C2DA400B92A03 /* Supporting Files */,
			);
			path = catsy;
			sourceTree = "<group>";
		};
		883F24051B4C2DA400B92A03 /* Supporting Files */ = {
			isa = PBXGroup;
			children = (
				883F24061B4C2DA400B92A03 /* Info.plist */,
			);
			name = "Supporting Files";
			sourceTree = "<group>";
		};
		883F241A1B4C2DA400B92A03 /* catsyTests */ = {
			isa = PBXGroup;
			children = (
				883F241D1B4C2DA400B92A03 /* catsyTests.swift */,
				883F241B1B4C2DA400B92A03 /* Supporting Files */,
			);
			path = catsyTests;
			sourceTree = "<group>";
		};
		883F241B1B4C2DA400B92A03 /* Supporting Files */ = {
			isa = PBXGroup;
			children = (
				883F241C1B4C2DA400B92A03 /* Info.plist */,
			);
			name = "Supporting Files";
			sourceTree = "<group>";
		};
		883F24271B4C3AC400B92A03 /* models */ = {
			isa = PBXGroup;
			children = (
				883F242A1B4C3AE800B92A03 /* store */,
			);
			name = models;
			sourceTree = "<group>";
		};
		883F24281B4C3ACB00B92A03 /* views */ = {
			isa = PBXGroup;
			children = (
				883F242F1B4C3B7900B92A03 /* Main.storyboard */,
				883F242B1B4C3B7100B92A03 /* Images.xcassets */,
				883F242D1B4C3B7900B92A03 /* LaunchScreen.xib */,
			);
			name = views;
			sourceTree = "<group>";
		};
		883F24291B4C3AD600B92A03 /* controllers */ = {
			isa = PBXGroup;
			children = (
				883F24331B4C3B8400B92A03 /* ViewController.swift */,
			);
			name = controllers;
			sourceTree = "<group>";
		};
		883F242A1B4C3AE800B92A03 /* store */ = {
			isa = PBXGroup;
			children = (
				88D5E42E1B4C7CB400B7F6F6 /* GifMe.swift */,
			);
			name = store;
			sourceTree = "<group>";
		};
		E472D1457075EAADF0062CDF /* Pods */ = {
			isa = PBXGroup;
			children = (
				349129134B16F8256E74198F /* Pods-catsy.debug.xcconfig */,
				488E7911A7EB477717805415 /* Pods-catsy.release.xcconfig */,
			);
			name = Pods;
			sourceTree = "<group>";
		};
/* End PBXGroup section */

/* Begin PBXNativeTarget section */
		883F24011B4C2DA400B92A03 /* catsy */ = {
			isa = PBXNativeTarget;
			buildConfigurationList = 883F24211B4C2DA400B92A03 /* Build configuration list for PBXNativeTarget "catsy" */;
			buildPhases = (
				5565588F58D0EB674CC01A39 /* Check Pods Manifest.lock */,
				883F23FE1B4C2DA400B92A03 /* Sources */,
				883F23FF1B4C2DA400B92A03 /* Frameworks */,
				883F24001B4C2DA400B92A03 /* Resources */,
				C090CB9CA43F6053FC48711E /* Embed Pods Frameworks */,
				19820F637023036AD5157500 /* Copy Pods Resources */,
			);
			buildRules = (
			);
			dependencies = (
			);
			name = catsy;
			productName = catsy;
			productReference = 883F24021B4C2DA400B92A03 /* catsy.app */;
			productType = "com.apple.product-type.application";
		};
		883F24161B4C2DA400B92A03 /* catsyTests */ = {
			isa = PBXNativeTarget;
			buildConfigurationList = 883F24241B4C2DA400B92A03 /* Build configuration list for PBXNativeTarget "catsyTests" */;
			buildPhases = (
				883F24131B4C2DA400B92A03 /* Sources */,
				883F24141B4C2DA400B92A03 /* Frameworks */,
				883F24151B4C2DA400B92A03 /* Resources */,
			);
			buildRules = (
			);
			dependencies = (
				883F24191B4C2DA400B92A03 /* PBXTargetDependency */,
			);
			name = catsyTests;
			productName = catsyTests;
			productReference = 883F24171B4C2DA400B92A03 /* catsyTests.xctest */;
			productType = "com.apple.product-type.bundle.unit-test";
		};
/* End PBXNativeTarget section */

/* Begin PBXProject section */
		883F23FA1B4C2DA400B92A03 /* Project object */ = {
			isa = PBXProject;
			attributes = {
				LastUpgradeCheck = 0620;
				ORGANIZATIONNAME = "Juan Felipe Carrera Moya";
				TargetAttributes = {
					883F24011B4C2DA400B92A03 = {
						CreatedOnToolsVersion = 6.2;
					};
					883F24161B4C2DA400B92A03 = {
						CreatedOnToolsVersion = 6.2;
						TestTargetID = 883F24011B4C2DA400B92A03;
					};
				};
			};
			buildConfigurationList = 883F23FD1B4C2DA400B92A03 /* Build configuration list for PBXProject "catsy" */;
			compatibilityVersion = "Xcode 3.2";
			developmentRegion = English;
			hasScannedForEncodings = 0;
			knownRegions = (
				en,
				Base,
			);
			mainGroup = 883F23F91B4C2DA400B92A03;
			productRefGroup = 883F24031B4C2DA400B92A03 /* Products */;
			projectDirPath = "";
			projectRoot = "";
			targets = (
				883F24011B4C2DA400B92A03 /* catsy */,
				883F24161B4C2DA400B92A03 /* catsyTests */,
			);
		};
/* End PBXProject section */

/* Begin PBXResourcesBuildPhase section */
		883F24001B4C2DA400B92A03 /* Resources */ = {
			isa = PBXResourcesBuildPhase;
			buildActionMask = 2147483647;
			files = (
				883F24321B4C3B7900B92A03 /* Main.storyboard in Resources */,
				883F24311B4C3B7900B92A03 /* LaunchScreen.xib in Resources */,
				883F242C1B4C3B7100B92A03 /* Images.xcassets in Resources */,
			);
			runOnlyForDeploymentPostprocessing = 0;
		};
		883F24151B4C2DA400B92A03 /* Resources */ = {
			isa = PBXResourcesBuildPhase;
			buildActionMask = 2147483647;
			files = (
			);
			runOnlyForDeploymentPostprocessing = 0;
		};
/* End PBXResourcesBuildPhase section */

/* Begin PBXShellScriptBuildPhase section */
		19820F637023036AD5157500 /* Copy Pods Resources */ = {
			isa = PBXShellScriptBuildPhase;
			buildActionMask = 2147483647;
			files = (
			);
			inputPaths = (
			);
			name = "Copy Pods Resources";
			outputPaths = (
			);
			runOnlyForDeploymentPostprocessing = 0;
			shellPath = /bin/sh;
			shellScript = "\"${SRCROOT}/Pods/Target Support Files/Pods-catsy/Pods-catsy-resources.sh\"\n";
			showEnvVarsInLog = 0;
		};
		5565588F58D0EB674CC01A39 /* Check Pods Manifest.lock */ = {
			isa = PBXShellScriptBuildPhase;
			buildActionMask = 2147483647;
			files = (
			);
			inputPaths = (
			);
			name = "Check Pods Manifest.lock";
			outputPaths = (
			);
			runOnlyForDeploymentPostprocessing = 0;
			shellPath = /bin/sh;
			shellScript = "diff \"${PODS_ROOT}/../Podfile.lock\" \"${PODS_ROOT}/Manifest.lock\" > /dev/null\nif [[ $? != 0 ]] ; then\n    cat << EOM\nerror: The sandbox is not in sync with the Podfile.lock. Run 'pod install' or update your CocoaPods installation.\nEOM\n    exit 1\nfi\n";
			showEnvVarsInLog = 0;
		};
		C090CB9CA43F6053FC48711E /* Embed Pods Frameworks */ = {
			isa = PBXShellScriptBuildPhase;
			buildActionMask = 2147483647;
			files = (
			);
			inputPaths = (
			);
			name = "Embed Pods Frameworks";
			outputPaths = (
			);
			runOnlyForDeploymentPostprocessing = 0;
			shellPath = /bin/sh;
			shellScript = "\"${SRCROOT}/Pods/Target Support Files/Pods-catsy/Pods-catsy-frameworks.sh\"\n";
			showEnvVarsInLog = 0;
		};
/* End PBXShellScriptBuildPhase section */

/* Begin PBXSourcesBuildPhase section */
		883F23FE1B4C2DA400B92A03 /* Sources */ = {
			isa = PBXSourcesBuildPhase;
			buildActionMask = 2147483647;
			files = (
				88D5E42F1B4C7CB400B7F6F6 /* GifMe.swift in Sources */,
				883F24341B4C3B8400B92A03 /* ViewController.swift in Sources */,
				883F24081B4C2DA400B92A03 /* AppDelegate.swift in Sources */,
			);
			runOnlyForDeploymentPostprocessing = 0;
		};
		883F24131B4C2DA400B92A03 /* Sources */ = {
			isa = PBXSourcesBuildPhase;
			buildActionMask = 2147483647;
			files = (
				883F241E1B4C2DA400B92A03 /* catsyTests.swift in Sources */,
			);
			runOnlyForDeploymentPostprocessing = 0;
		};
/* End PBXSourcesBuildPhase section */

/* Begin PBXTargetDependency section */
		883F24191B4C2DA400B92A03 /* PBXTargetDependency */ = {
			isa = PBXTargetDependency;
			target = 883F24011B4C2DA400B92A03 /* catsy */;
			targetProxy = 883F24181B4C2DA400B92A03 /* PBXContainerItemProxy */;
		};
/* End PBXTargetDependency section */

/* Begin PBXVariantGroup section */
		883F242D1B4C3B7900B92A03 /* LaunchScreen.xib */ = {
			isa = PBXVariantGroup;
			children = (
				883F242E1B4C3B7900B92A03 /* Base */,
			);
			name = LaunchScreen.xib;
			sourceTree = "<group>";
		};
		883F242F1B4C3B7900B92A03 /* Main.storyboard */ = {
			isa = PBXVariantGroup;
			children = (
				883F24301B4C3B7900B92A03 /* Base */,
			);
			name = Main.storyboard;
			sourceTree = "<group>";
		};
/* End PBXVariantGroup section */

/* Begin XCBuildConfiguration section */
		883F241F1B4C2DA400B92A03 /* Debug */ = {
			isa = XCBuildConfiguration;
			buildSettings = {
				ALWAYS_SEARCH_USER_PATHS = NO;
				CLANG_CXX_LANGUAGE_STANDARD = "gnu++0x";
				CLANG_CXX_LIBRARY = "libc++";
				CLANG_ENABLE_MODULES = YES;
				CLANG_ENABLE_OBJC_ARC = YES;
				CLANG_WARN_BOOL_CONVERSION = YES;
				CLANG_WARN_CONSTANT_CONVERSION = YES;
				CLANG_WARN_DIRECT_OBJC_ISA_USAGE = YES_ERROR;
				CLANG_WARN_EMPTY_BODY = YES;
				CLANG_WARN_ENUM_CONVERSION = YES;
				CLANG_WARN_INT_CONVERSION = YES;
				CLANG_WARN_OBJC_ROOT_CLASS = YES_ERROR;
				CLANG_WARN_UNREACHABLE_CODE = YES;
				CLANG_WARN__DUPLICATE_METHOD_MATCH = YES;
				"CODE_SIGN_IDENTITY[sdk=iphoneos*]" = "iPhone Developer";
				COPY_PHASE_STRIP = NO;
				ENABLE_STRICT_OBJC_MSGSEND = YES;
				GCC_C_LANGUAGE_STANDARD = gnu99;
				GCC_DYNAMIC_NO_PIC = NO;
				GCC_OPTIMIZATION_LEVEL = 0;
				GCC_PREPROCESSOR_DEFINITIONS = (
					"DEBUG=1",
					"$(inherited)",
				);
				GCC_SYMBOLS_PRIVATE_EXTERN = NO;
				GCC_WARN_64_TO_32_BIT_CONVERSION = YES;
				GCC_WARN_ABOUT_RETURN_TYPE = YES_ERROR;
				GCC_WARN_UNDECLARED_SELECTOR = YES;
				GCC_WARN_UNINITIALIZED_AUTOS = YES_AGGRESSIVE;
				GCC_WARN_UNUSED_FUNCTION = YES;
				GCC_WARN_UNUSED_VARIABLE = YES;
				IPHONEOS_DEPLOYMENT_TARGET = 8.2;
				MTL_ENABLE_DEBUG_INFO = YES;
				ONLY_ACTIVE_ARCH = YES;
				SDKROOT = iphoneos;
				SWIFT_OPTIMIZATION_LEVEL = "-Onone";
				TARGETED_DEVICE_FAMILY = "1,2";
			};
			name = Debug;
		};
		883F24201B4C2DA400B92A03 /* Release */ = {
			isa = XCBuildConfiguration;
			buildSettings = {
				ALWAYS_SEARCH_USER_PATHS = NO;
				CLANG_CXX_LANGUAGE_STANDARD = "gnu++0x";
				CLANG_CXX_LIBRARY = "libc++";
				CLANG_ENABLE_MODULES = YES;
				CLANG_ENABLE_OBJC_ARC = YES;
				CLANG_WARN_BOOL_CONVERSION = YES;
				CLANG_WARN_CONSTANT_CONVERSION = YES;
				CLANG_WARN_DIRECT_OBJC_ISA_USAGE = YES_ERROR;
				CLANG_WARN_EMPTY_BODY = YES;
				CLANG_WARN_ENUM_CONVERSION = YES;
				CLANG_WARN_INT_CONVERSION = YES;
				CLANG_WARN_OBJC_ROOT_CLASS = YES_ERROR;
				CLANG_WARN_UNREACHABLE_CODE = YES;
				CLANG_WARN__DUPLICATE_METHOD_MATCH = YES;
				"CODE_SIGN_IDENTITY[sdk=iphoneos*]" = "iPhone Developer";
				COPY_PHASE_STRIP = NO;
				ENABLE_NS_ASSERTIONS = NO;
				ENABLE_STRICT_OBJC_MSGSEND = YES;
				GCC_C_LANGUAGE_STANDARD = gnu99;
				GCC_WARN_64_TO_32_BIT_CONVERSION = YES;
				GCC_WARN_ABOUT_RETURN_TYPE = YES_ERROR;
				GCC_WARN_UNDECLARED_SELECTOR = YES;
				GCC_WARN_UNINITIALIZED_AUTOS = YES_AGGRESSIVE;
				GCC_WARN_UNUSED_FUNCTION = YES;
				GCC_WARN_UNUSED_VARIABLE = YES;
				IPHONEOS_DEPLOYMENT_TARGET = 8.2;
				MTL_ENABLE_DEBUG_INFO = NO;
				SDKROOT = iphoneos;
				TARGETED_DEVICE_FAMILY = "1,2";
				VALIDATE_PRODUCT = YES;
			};
			name = Release;
		};
		883F24221B4C2DA400B92A03 /* Debug */ = {
			isa = XCBuildConfiguration;
			baseConfigurationReference = 349129134B16F8256E74198F /* Pods-catsy.debug.xcconfig */;
			buildSettings = {
				ASSETCATALOG_COMPILER_APPICON_NAME = AppIcon;
				INFOPLIST_FILE = catsy/Info.plist;
				LD_RUNPATH_SEARCH_PATHS = "$(inherited) @executable_path/Frameworks";
				PRODUCT_NAME = "$(TARGET_NAME)";
			};
			name = Debug;
		};
		883F24231B4C2DA400B92A03 /* Release */ = {
			isa = XCBuildConfiguration;
			baseConfigurationReference = 488E7911A7EB477717805415 /* Pods-catsy.release.xcconfig */;
			buildSettings = {
				ASSETCATALOG_COMPILER_APPICON_NAME = AppIcon;
				INFOPLIST_FILE = catsy/Info.plist;
				LD_RUNPATH_SEARCH_PATHS = "$(inherited) @executable_path/Frameworks";
				PRODUCT_NAME = "$(TARGET_NAME)";
			};
			name = Release;
		};
		883F24251B4C2DA400B92A03 /* Debug */ = {
			isa = XCBuildConfiguration;
			buildSettings = {
				BUNDLE_LOADER = "$(TEST_HOST)";
				FRAMEWORK_SEARCH_PATHS = (
					"$(SDKROOT)/Developer/Library/Frameworks",
					"$(inherited)",
				);
				GCC_PREPROCESSOR_DEFINITIONS = (
					"DEBUG=1",
					"$(inherited)",
				);
				INFOPLIST_FILE = catsyTests/Info.plist;
				LD_RUNPATH_SEARCH_PATHS = "$(inherited) @executable_path/Frameworks @loader_path/Frameworks";
				PRODUCT_NAME = "$(TARGET_NAME)";
				TEST_HOST = "$(BUILT_PRODUCTS_DIR)/catsy.app/catsy";
			};
			name = Debug;
		};
		883F24261B4C2DA400B92A03 /* Release */ = {
			isa = XCBuildConfiguration;
			buildSettings = {
				BUNDLE_LOADER = "$(TEST_HOST)";
				FRAMEWORK_SEARCH_PATHS = (
					"$(SDKROOT)/Developer/Library/Frameworks",
					"$(inherited)",
				);
				INFOPLIST_FILE = catsyTests/Info.plist;
				LD_RUNPATH_SEARCH_PATHS = "$(inherited) @executable_path/Frameworks @loader_path/Frameworks";
				PRODUCT_NAME = "$(TARGET_NAME)";
				TEST_HOST = "$(BUILT_PRODUCTS_DIR)/catsy.app/catsy";
			};
			name = Release;
		};
/* End XCBuildConfiguration section */

/* Begin XCConfigurationList section */
		883F23FD1B4C2DA400B92A03 /* Build configuration list for PBXProject "catsy" */ = {
			isa = XCConfigurationList;
			buildConfigurations = (
				883F241F1B4C2DA400B92A03 /* Debug */,
				883F24201B4C2DA400B92A03 /* Release */,
			);
			defaultConfigurationIsVisible = 0;
			defaultConfigurationName = Release;
		};
		883F24211B4C2DA400B92A03 /* Build configuration list for PBXNativeTarget "catsy" */ = {
			isa = XCConfigurationList;
			buildConfigurations = (
				883F24221B4C2DA400B92A03 /* Debug */,
				883F24231B4C2DA400B92A03 /* Release */,
			);
			defaultConfigurationIsVisible = 0;
			defaultConfigurationName = Release;
		};
		883F24241B4C2DA400B92A03 /* Build configuration list for PBXNativeTarget "catsyTests" */ = {
			isa = XCConfigurationList;
			buildConfigurations = (
				883F24251B4C2DA400B92A03 /* Debug */,
				883F24261B4C2DA400B92A03 /* Release */,
			);
			defaultConfigurationIsVisible = 0;
			defaultConfigurationName = Release;
		};
/* End XCConfigurationList section */
	};
	rootObject = 883F23FA1B4C2DA400B92A03 /* Project object */;
}
